
Microsoft Visual Studio Solution File, Format Version 12.00
# Visual Studio Version 17
VisualStudioVersion = 17.1.32210.238
MinimumVisualStudioVersion = 10.0.40219.1
Project("{FAE04EC0-301F-11D3-BF4B-00C04F79EFBC}") = "UpCasting-DownCasting, Implicit-Explicit operators, Operator overloading", "UpCasting-DownCasting, Implicit-Explicit operators, Operator overloading\UpCasting-DownCasting, Implicit-Explicit operators, Operator overloading.csproj", "{F23ECF06-D121-40A5-AB25-CD2CDB66D8A7}"
EndProject
Project("{FAE04EC0-301F-11D3-BF4B-00C04F79EFBC}") = "Celcius", "Celcius\Celcius.csproj", "{B43563D1-DD46-44F1-A55A-10D9B0ABC402}"
EndProject
Global
	GlobalSection(SolutionConfigurationPlatforms) = preSolution
		Debug|Any CPU = Debug|Any CPU
		Release|Any CPU = Release|Any CPU
	EndGlobalSection
	GlobalSection(ProjectConfigurationPlatforms) = postSolution
		{F23ECF06-D121-40A5-AB25-CD2CDB66D8A7}.Debug|Any CPU.ActiveCfg = Debug|Any CPU
		{F23ECF06-D121-40A5-AB25-CD2CDB66D8A7}.Debug|Any CPU.Build.0 = Debug|Any CPU
		{F23ECF06-D121-40A5-AB25-CD2CDB66D8A7}.Release|Any CPU.ActiveCfg = Release|Any CPU
		{F23ECF06-D121-40A5-AB25-CD2CDB66D8A7}.Release|Any CPU.Build.0 = Release|Any CPU
		{B43563D1-DD46-44F1-A55A-10D9B0ABC402}.Debug|Any CPU.ActiveCfg = Debug|Any CPU
		{B43563D1-DD46-44F1-A55A-10D9B0ABC402}.Debug|Any CPU.Build.0 = Debug|Any CPU
		{B43563D1-DD46-44F1-A55A-10D9B0ABC402}.Release|Any CPU.ActiveCfg = Release|Any CPU
		{B43563D1-DD46-44F1-A55A-10D9B0ABC402}.Release|Any CPU.Build.0 = Release|Any CPU
	EndGlobalSection
	GlobalSection(SolutionProperties) = preSolution
		HideSolutionNode = FALSE
	EndGlobalSection
	GlobalSection(ExtensibilityGlobals) = postSolution
		SolutionGuid = {6BE32185-7234-48C5-AE35-C4BBEBB9B8DC}
	EndGlobalSection
EndGlobal
